Microsoft Visual Studio Solution File, Format Version 12.00
# Visual Studio 2012
Project("{FAE04EC0-301F-11D3-BF4B-00C04F79EFBC}") = "My first game", "My first game.csproj", "{EEB4E301-FFC0-466C-9999-46E8DBABEEF1}"
EndProject
Global
	GlobalSection(SolutionConfigurationPlatforms) = preSolution
	Debug|Any CPU = Debug|Any CPU
	ExportDebug|Any CPU = ExportDebug|Any CPU
	ExportRelease|Any CPU = ExportRelease|Any CPU
	EndGlobalSection
	GlobalSection(ProjectConfigurationPlatforms) = postSolution
		{EEB4E301-FFC0-466C-9999-46E8DBABEEF1}.Debug|Any CPU.ActiveCfg = Debug|Any CPU
		{EEB4E301-FFC0-466C-9999-46E8DBABEEF1}.Debug|Any CPU.Build.0 = Debug|Any CPU
		{EEB4E301-FFC0-466C-9999-46E8DBABEEF1}.ExportDebug|Any CPU.ActiveCfg = ExportDebug|Any CPU
		{EEB4E301-FFC0-466C-9999-46E8DBABEEF1}.ExportDebug|Any CPU.Build.0 = ExportDebug|Any CPU
		{EEB4E301-FFC0-466C-9999-46E8DBABEEF1}.ExportRelease|Any CPU.ActiveCfg = ExportRelease|Any CPU
		{EEB4E301-FFC0-466C-9999-46E8DBABEEF1}.ExportRelease|Any CPU.Build.0 = ExportRelease|Any CPU
	EndGlobalSection
EndGlobal
